// !$*UTF8*$!
{
	archiveVersion = 1;
	classes = {
	};
	objectVersion = 46;
	objects = {

/* Begin PBXBuildFile section */
		1771E2BF1C6C64C200E3C2C4 /* main.cpp in Sources */ = {isa = PBXBuildFile; fileRef = 1771E2BE1C6C64C200E3C2C4 /* main.cpp */; };
/* End PBXBuildFile section */

/* Begin PBXCopyFilesBuildPhase section */
		1771E2B91C6C64C200E3C2C4 /* CopyFiles */ = {
			isa = PBXCopyFilesBuildPhase;
			buildActionMask = 2147483647;
			dstPath = /usr/share/man/man1/;
			dstSubfolderSpec = 0;
			files = (
			);
			runOnlyForDeploymentPostprocessing = 1;
		};
/* End PBXCopyFilesBuildPhase section */

/* Begin PBXFileReference section */
		1771E2BB1C6C64C200E3C2C4 /* neuralnet */ = {isa = PBXFileReference; explicitFileType = "compiled.mach-o.executable"; includeInIndex = 0; path = neuralnet; sourceTree = BUILT_PRODUCTS_DIR; };
		1771E2BE1C6C64C200E3C2C4 /* main.cpp */ = {isa = PBXFileReference; lastKnownFileType = sourcecode.cpp.cpp; path = main.cpp; sourceTree = "<group>"; };
/* End PBXFileReference section */

/* Begin PBXFrameworksBuildPhase section */
		1771E2B81C6C64C200E3C2C4 /* Frameworks */ = {
			isa = PBXFrameworksBuildPhase;
			buildActionMask = 2147483647;
			files = (
			);
			runOnlyForDeploymentPostprocessing = 0;
		};
/* End PBXFrameworksBuildPhase section */

/* Begin PBXGroup section */
		1771E2B21C6C64C200E3C2C4 = {
			isa = PBXGroup;
			children = (
				1771E2BD1C6C64C200E3C2C4 /* neuralnet */,
				1771E2BC1C6C64C200E3C2C4 /* Products */,
			);
			sourceTree = "<group>";
		};
		1771E2BC1C6C64C200E3C2C4 /* Products */ = {
			isa = PBXGroup;
			children = (
				1771E2BB1C6C64C200E3C2C4 /* neuralnet */,
			);
			name = Products;
			sourceTree = "<group>";
		};
		1771E2BD1C6C64C200E3C2C4 /* neuralnet */ = {
			isa = PBXGroup;
			children = (
				1771E2BE1C6C64C200E3C2C4 /* main.cpp */,
			);
			path = neuralnet;
			sourceTree = "<group>";
		};
/* End PBXGroup section */

/* Begin PBXNativeTarget section */
		1771E2BA1C6C64C200E3C2C4 /* neuralnet */ = {
			isa = PBXNativeTarget;
			buildConfigurationList = 1771E2C21C6C64C200E3C2C4 /* Build configuration list for PBXNativeTarget "neuralnet" */;
			buildPhases = (
				1771E2B71C6C64C200E3C2C4 /* Sources */,
				1771E2B81C6C64C200E3C2C4 /* Frameworks */,
				1771E2B91C6C64C200E3C2C4 /* CopyFiles */,
			);
			buildRules = (
			);
			dependencies = (
			);
			name = neuralnet;
			productName = neuralnet;
			productReference = 1771E2BB1C6C64C200E3C2C4 /* neuralnet */;
			productType = "com.apple.product-type.tool";
		};
/* End PBXNativeTarget section */

/* Begin PBXProject section */
		1771E2B31C6C64C200E3C2C4 /* Project object */ = {
			isa = PBXProject;
			attributes = {
				LastUpgradeCheck = 0620;
				ORGANIZATIONNAME = maplesystems;
				TargetAttributes = {
					1771E2BA1C6C64C200E3C2C4 = {
						CreatedOnToolsVersion = 6.2;
					};
				};
			};
			buildConfigurationList = 1771E2B61C6C64C200E3C2C4 /* Build configuration list for PBXProject "neuralnet" */;
			compatibilityVersion = "Xcode 3.2";
			developmentRegion = English;
			hasScannedForEncodings = 0;
			knownRegions = (
				en,
			);
			mainGroup = 1771E2B21C6C64C200E3C2C4;
			productRefGroup = 1771E2BC1C6C64C200E3C2C4 /* Products */;
			projectDirPath = "";
			projectRoot = "";
			targets = (
				1771E2BA1C6C64C200E3C2C4 /* neuralnet */,
			);
		};
/* End PBXProject section */

/* Begin PBXSourcesBuildPhase section */
		1771E2B71C6C64C200E3C2C4 /* Sources */ = {
			isa = PBXSourcesBuildPhase;
			buildActionMask = 2147483647;
			files = (
				1771E2BF1C6C64C200E3C2C4 /* main.cpp in Sources */,
			);
			runOnlyForDeploymentPostprocessing = 0;
		};
/* End PBXSourcesBuildPhase section */

/* Begin XCBuildConfiguration section */
		1771E2C01C6C64C200E3C2C4 /* Debug */ = {
			isa = XCBuildConfiguration;
			buildSettings = {
				ALWAYS_SEARCH_USER_PATHS = NO;
				CLANG_CXX_LANGUAGE_STANDARD = "gnu++0x";
				CLANG_CXX_LIBRARY = "libc++";
				CLANG_ENABLE_MODULES = YES;
				CLANG_ENABLE_OBJC_ARC = YES;
				CLANG_WARN_BOOL_CONVERSION = YES;
				CLANG_WARN_CONSTANT_CONVERSION = YES;
				CLANG_WARN_DIRECT_OBJC_ISA_USAGE = YES_ERROR;
				CLANG_WARN_EMPTY_BODY = YES;
				CLANG_WARN_ENUM_CONVERSION = YES;
				CLANG_WARN_INT_CONVERSION = YES;
				CLANG_WARN_OBJC_ROOT_CLASS = YES_ERROR;
				CLANG_WARN_UNREACHABLE_CODE = YES;
				CLANG_WARN__DUPLICATE_METHOD_MATCH = YES;
				COPY_PHASE_STRIP = NO;
				ENABLE_STRICT_OBJC_MSGSEND = YES;
				GCC_C_LANGUAGE_STANDARD = gnu99;
				GCC_DYNAMIC_NO_PIC = NO;
				GCC_OPTIMIZATION_LEVEL = 0;
				GCC_PREPROCESSOR_DEFINITIONS = (
					"DEBUG=1",
					"$(inherited)",
				);
				GCC_SYMBOLS_PRIVATE_EXTERN = NO;
				GCC_WARN_64_TO_32_BIT_CONVERSION = YES;
				GCC_WARN_ABOUT_RETURN_TYPE = YES_ERROR;
				GCC_WARN_UNDECLARED_SELECTOR = YES;
				GCC_WARN_UNINITIALIZED_AUTOS = YES_AGGRESSIVE;
				GCC_WARN_UNUSED_FUNCTION = YES;
				GCC_WARN_UNUSED_VARIABLE = YES;
				MACOSX_DEPLOYMENT_TARGET = 10.9;
				MTL_ENABLE_DEBUG_INFO = YES;
				ONLY_ACTIVE_ARCH = YES;
				SDKROOT = macosx;
			};
			name = Debug;
		};
		1771E2C11C6C64C200E3C2C4 /* Release */ = {
			isa = XCBuildConfiguration;
			buildSettings = {
				ALWAYS_SEARCH_USER_PATHS = NO;
				CLANG_CXX_LANGUAGE_STANDARD = "gnu++0x";
				CLANG_CXX_LIBRARY = "libc++";
				CLANG_ENABLE_MODULES = YES;
				CLANG_ENABLE_OBJC_ARC = YES;
				CLANG_WARN_BOOL_CONVERSION = YES;
				CLANG_WARN_CONSTANT_CONVERSION = YES;
				CLANG_WARN_DIRECT_OBJC_ISA_USAGE = YES_ERROR;
				CLANG_WARN_EMPTY_BODY = YES;
				CLANG_WARN_ENUM_CONVERSION = YES;
				CLANG_WARN_INT_CONVERSION = YES;
				CLANG_WARN_OBJC_ROOT_CLASS = YES_ERROR;
				CLANG_WARN_UNREACHABLE_CODE = YES;
				CLANG_WARN__DUPLICATE_METHOD_MATCH = YES;
				COPY_PHASE_STRIP = NO;
				DEBUG_INFORMATION_FORMAT = "dwarf-with-dsym";
				ENABLE_NS_ASSERTIONS = NO;
				ENABLE_STRICT_OBJC_MSGSEND = YES;
				GCC_C_LANGUAGE_STANDARD = gnu99;
				GCC_WARN_64_TO_32_BIT_CONVERSION = YES;
				GCC_WARN_ABOUT_RETURN_TYPE = YES_ERROR;
				GCC_WARN_UNDECLARED_SELECTOR = YES;
				GCC_WARN_UNINITIALIZED_AUTOS = YES_AGGRESSIVE;
				GCC_WARN_UNUSED_FUNCTION = YES;
				GCC_WARN_UNUSED_VARIABLE = YES;
				MACOSX_DEPLOYMENT_TARGET = 10.9;
				MTL_ENABLE_DEBUG_INFO = NO;
				SDKROOT = macosx;
			};
			name = Release;
		};
		1771E2C31C6C64C200E3C2C4 /* Debug */ = {
			isa = XCBuildConfiguration;
			buildSettings = {
				PRODUCT_NAME = "$(TARGET_NAME)";
			};
			name = Debug;
		};
		1771E2C41C6C64C200E3C2C4 /* Release */ = {
			isa = XCBuildConfiguration;
			buildSettings = {
				PRODUCT_NAME = "$(TARGET_NAME)";
			};
			name = Release;
		};
/* End XCBuildConfiguration section */

/* Begin XCConfigurationList section */
		1771E2B61C6C64C200E3C2C4 /* Build configuration list for PBXProject "neuralnet" */ = {
			isa = XCConfigurationList;
			buildConfigurations = (
				1771E2C01C6C64C200E3C2C4 /* Debug */,
				1771E2C11C6C64C200E3C2C4 /* Release */,
			);
			defaultConfigurationIsVisible = 0;
			defaultConfigurationName = Release;
		};
		1771E2C21C6C64C200E3C2C4 /* Build configuration list for PBXNativeTarget "neuralnet" */ = {
			isa = XCConfigurationList;
			buildConfigurations = (
				1771E2C31C6C64C200E3C2C4 /* Debug */,
				1771E2C41C6C64C200E3C2C4 /* Release */,
			);
			defaultConfigurationIsVisible = 0;
		};
/* End XCConfigurationList section */
	};
	rootObject = 1771E2B31C6C64C200E3C2C4 /* Project object */;
}
